
Microsoft Visual Studio Solution File, Format Version 12.00
# Visual Studio Version 16
VisualStudioVersion = 16.0.30509.190
MinimumVisualStudioVersion = 10.0.40219.1
Project("{9A19103F-16F7-4668-BE54-9A1E7A4F7556}") = "BitBayTraderApp.Server", "BitBayTraderApp\Server\BitBayTraderApp.Server.csproj", "{F38C54A6-55DE-4C0E-A166-ECF3F00BB241}"
EndProject
Project("{9A19103F-16F7-4668-BE54-9A1E7A4F7556}") = "BitBayTraderApp.Client", "BitBayTraderApp\Client\BitBayTraderApp.Client.csproj", "{50E1490D-9264-4CB0-AA99-0960D2DE3C46}"
EndProject
Project("{9A19103F-16F7-4668-BE54-9A1E7A4F7556}") = "BitBayTraderApp.Shared", "BitBayTraderApp\Shared\BitBayTraderApp.Shared.csproj", "{8FB7090D-9D3C-4AD5-9DDF-983884275A30}"
EndProject
Global
	GlobalSection(SolutionConfigurationPlatforms) = preSolution
		Debug|Any CPU = Debug|Any CPU
		Release|Any CPU = Release|Any CPU
	EndGlobalSection
	GlobalSection(ProjectConfigurationPlatforms) = postSolution
		{F38C54A6-55DE-4C0E-A166-ECF3F00BB241}.Debug|Any CPU.ActiveCfg = Debug|Any CPU
		{F38C54A6-55DE-4C0E-A166-ECF3F00BB241}.Debug|Any CPU.Build.0 = Debug|Any CPU
		{F38C54A6-55DE-4C0E-A166-ECF3F00BB241}.Release|Any CPU.ActiveCfg = Release|Any CPU
		{F38C54A6-55DE-4C0E-A166-ECF3F00BB241}.Release|Any CPU.Build.0 = Release|Any CPU
		{50E1490D-9264-4CB0-AA99-0960D2DE3C46}.Debug|Any CPU.ActiveCfg = Debug|Any CPU
		{50E1490D-9264-4CB0-AA99-0960D2DE3C46}.Debug|Any CPU.Build.0 = Debug|Any CPU
		{50E1490D-9264-4CB0-AA99-0960D2DE3C46}.Release|Any CPU.ActiveCfg = Release|Any CPU
		{50E1490D-9264-4CB0-AA99-0960D2DE3C46}.Release|Any CPU.Build.0 = Release|Any CPU
		{8FB7090D-9D3C-4AD5-9DDF-983884275A30}.Debug|Any CPU.ActiveCfg = Debug|Any CPU
		{8FB7090D-9D3C-4AD5-9DDF-983884275A30}.Debug|Any CPU.Build.0 = Debug|Any CPU
		{8FB7090D-9D3C-4AD5-9DDF-983884275A30}.Release|Any CPU.ActiveCfg = Release|Any CPU
		{8FB7090D-9D3C-4AD5-9DDF-983884275A30}.Release|Any CPU.Build.0 = Release|Any CPU
	EndGlobalSection
	GlobalSection(SolutionProperties) = preSolution
		HideSolutionNode = FALSE
	EndGlobalSection
	GlobalSection(ExtensibilityGlobals) = postSolution
		SolutionGuid = {ECB8A65E-1832-4C1B-BAB7-4C80A86BB59F}
	EndGlobalSection
EndGlobal
